
Microsoft Visual Studio Solution File, Format Version 12.00
# Visual Studio 15
VisualStudioVersion = 15.0.28307.852
MinimumVisualStudioVersion = 10.0.40219.1
Project("{9A19103F-16F7-4668-BE54-9A1E7A4F7556}") = "aspnet mvc example", "ASPNET MVC Example\aspnet mvc example.csproj", "{F77E9674-C2A7-419D-A1A8-D91B5D397372}"
EndProject
Global
	GlobalSection(SolutionConfigurationPlatforms) = preSolution
		Debug|Any CPU = Debug|Any CPU
		Release|Any CPU = Release|Any CPU
	EndGlobalSection
	GlobalSection(ProjectConfigurationPlatforms) = postSolution
		{F77E9674-C2A7-419D-A1A8-D91B5D397372}.Debug|Any CPU.ActiveCfg = Release|Any CPU
		{F77E9674-C2A7-419D-A1A8-D91B5D397372}.Debug|Any CPU.Build.0 = Release|Any CPU
		{F77E9674-C2A7-419D-A1A8-D91B5D397372}.Release|Any CPU.ActiveCfg = Release|Any CPU
		{F77E9674-C2A7-419D-A1A8-D91B5D397372}.Release|Any CPU.Build.0 = Release|Any CPU
	EndGlobalSection
	GlobalSection(SolutionProperties) = preSolution
		HideSolutionNode = FALSE
	EndGlobalSection
	GlobalSection(ExtensibilityGlobals) = postSolution
		SolutionGuid = {8669C555-284B-4D30-9644-659CFE3CF88F}
	EndGlobalSection
EndGlobal
